{
  "projects": [
    {
      "projectId": "7nJ7UcFmq9UzB6eXfC5z4a",
      "version": "0.6.0",
      "dependencies": {},
      "lang": "ts",
      "fileLocks": [
        {
          "assetId": "7nJ7UcFmq9UzB6eXfC5z4a",
          "type": "projectCss",
          "checksum": "27ff92c469db18011be32216514596d3"
        }
      ],
      "codegenVersion": "0.0.1"
    },
    {
      "projectId": "jSxRZLtoBfrebB1EGeCujD",
      "version": "latest",
      "dependencies": {
        "7nJ7UcFmq9UzB6eXfC5z4a": "0.6.0"
      },
      "lang": "ts",
      "fileLocks": [
        {
          "type": "globalVariant",
          "assetId": "5ia8qgdT7OLPhe",
          "checksum": "fb944df54f6460cce849be816c54c069"
        },
        {
          "assetId": "jSxRZLtoBfrebB1EGeCujD",
          "type": "projectCss",
          "checksum": "a278e31cf9af4bce6f1d4de5d882f6d1"
        },
        {
          "type": "renderModule",
          "assetId": "n6iiQRRUiYwRq",
          "checksum": "848098d8383f01d037b76d7b084b665b"
        },
        {
          "type": "cssRules",
          "assetId": "n6iiQRRUiYwRq",
          "checksum": "848098d8383f01d037b76d7b084b665b"
        },
        {
          "type": "renderModule",
          "assetId": "3TO1Oy1L0lFSP",
          "checksum": "c54c1da6132cf5c1c186ead00b26afff"
        },
        {
          "type": "cssRules",
          "assetId": "3TO1Oy1L0lFSP",
          "checksum": "c54c1da6132cf5c1c186ead00b26afff"
        },
        {
          "type": "renderModule",
          "assetId": "eW8U_WKmNVHnT",
          "checksum": "c531f4b794edf6db5415b2f1cda93374"
        },
        {
          "type": "cssRules",
          "assetId": "eW8U_WKmNVHnT",
          "checksum": "c531f4b794edf6db5415b2f1cda93374"
        },
        {
          "type": "renderModule",
          "assetId": "WM-lPP1ZZ5DTBT",
          "checksum": "f09d04ee84aae95c01830a651a6917b5"
        },
        {
          "type": "cssRules",
          "assetId": "WM-lPP1ZZ5DTBT",
          "checksum": "f09d04ee84aae95c01830a651a6917b5"
        },
        {
          "type": "renderModule",
          "assetId": "9Js3J7ENBdN8UP",
          "checksum": "7a10aeff8a4482a657617d0a3b2b3088"
        },
        {
          "type": "cssRules",
          "assetId": "9Js3J7ENBdN8UP",
          "checksum": "7a10aeff8a4482a657617d0a3b2b3088"
        },
        {
          "type": "renderModule",
          "assetId": "vU2B4T-YiQG-_r",
          "checksum": "7466589709565d41f92b68d39f3389ce"
        },
        {
          "type": "cssRules",
          "assetId": "vU2B4T-YiQG-_r",
          "checksum": "7466589709565d41f92b68d39f3389ce"
        },
        {
          "type": "renderModule",
          "assetId": "QIOCoxwXgiiOQp",
          "checksum": "68bb1154564c079a75ba629ec51b662e"
        },
        {
          "type": "cssRules",
          "assetId": "QIOCoxwXgiiOQp",
          "checksum": "68bb1154564c079a75ba629ec51b662e"
        },
        {
          "type": "renderModule",
          "assetId": "_q1ZefZxiA6zRS",
          "checksum": "a8442c29414c93ed0489b5b923810355"
        },
        {
          "type": "cssRules",
          "assetId": "_q1ZefZxiA6zRS",
          "checksum": "a8442c29414c93ed0489b5b923810355"
        },
        {
          "type": "icon",
          "assetId": "YISBYItnEhUNZI",
          "checksum": "efaf3e55a11ee480a29c3497c9c77b83"
        },
        {
          "type": "icon",
          "assetId": "bEbDW_umBWYnNx",
          "checksum": "34154bb1a3c984737891c198171a97ac"
        },
        {
          "type": "icon",
          "assetId": "Ke7Wu8Ks421s9s",
          "checksum": "8ba8c20c352162b50cb725796724c30c"
        },
        {
          "type": "icon",
          "assetId": "QWCS7l257hhPlv",
          "checksum": "a7789b8c994f0e15062fb369002d6168"
        },
        {
          "type": "icon",
          "assetId": "daEVic5MXSXYry",
          "checksum": "0e8cf7f51959970af184c0cafa80f1a3"
        },
        {
          "type": "icon",
          "assetId": "BDvBwBytXqI_Rd",
          "checksum": "b0e6fc4fe4588bd8051e9410e008d5a4"
        },
        {
          "type": "icon",
          "assetId": "B4-5DM9qSh8P4W",
          "checksum": "c6fb8f4cf94911f22f6c77afa20d037f"
        },
        {
          "type": "icon",
          "assetId": "-uC5NJSyGS_os6",
          "checksum": "07733c2a0d30edbaa8399c5b232d53f8"
        },
        {
          "type": "icon",
          "assetId": "TnOJtaVcxZPyxe",
          "checksum": "9e5079974de026b05e04c4319f280d0b"
        },
        {
          "type": "icon",
          "assetId": "R9EGAzj3L9xdlK",
          "checksum": "44016b76d1d14df49095c4d28040744b"
        },
        {
          "type": "image",
          "assetId": "_cM3hyXOaijpL6",
          "checksum": "ff0630096716e05bb0e51ec25c1adce9"
        },
        {
          "type": "image",
          "assetId": "WdvfZMoYKqWHF7",
          "checksum": "bb1dfb4bb8cf828645f4bc6b82076ef2"
        },
        {
          "type": "image",
          "assetId": "hFm7KdV1W33VnS",
          "checksum": "8366275c56237f889907516e8dcd39a3"
        },
        {
          "type": "image",
          "assetId": "8i9wVtMAwWEVKa",
          "checksum": "9c7bc7b821cf41013bf332fad0bb742d"
        },
        {
          "type": "image",
          "assetId": "MjFhfWHXEWqGyJ",
          "checksum": "b314528238ba041f93ffdc3abf25d4f0"
        },
        {
          "type": "image",
          "assetId": "qQWRrQQ2cq0qTN",
          "checksum": "699442d179b1b919cfeb46528d30d6b0"
        },
        {
          "type": "image",
          "assetId": "ywg1hoJQPK8K--",
          "checksum": "9d3b097bf19ce44e39cf682d733c61b3"
        },
        {
          "type": "image",
          "assetId": "I3dn1F6FZzMaU4",
          "checksum": "024d382f6f936c5b9a9a35bdde087570"
        },
        {
          "type": "image",
          "assetId": "UWcEcDjJ5-0NEf",
          "checksum": "a995c8e8ba88368d9877824131baaa0c"
        },
        {
          "type": "image",
          "assetId": "2ZYIaSDMdjVEYW",
          "checksum": "9046222340de2614358cb8d99e8e853f"
        },
        {
          "type": "image",
          "assetId": "LQCE8xJ7CM2f9k",
          "checksum": "c5f2ff04ff2570455f32b42bcad662a8"
        },
        {
          "type": "image",
          "assetId": "dkKvQqpvUyvomh",
          "checksum": "26c1e72354bce008d412c15c0253cd0a"
        },
        {
          "type": "image",
          "assetId": "ipfGX1sGgBo-i3",
          "checksum": "a361b4d39e479bcd75ebd7757923b106"
        },
        {
          "type": "image",
          "assetId": "xDeyGqdN31DjeU",
          "checksum": "16283e26f5acae6589340a70523aae7c"
        },
        {
          "type": "image",
          "assetId": "IJAzGNVtOcc0e5",
          "checksum": "ec20cfd159fdac35b3eb2b279c3924a2"
        },
        {
          "type": "image",
          "assetId": "9G8M1FX-UQijsE",
          "checksum": "a43c5e2db3efd45e8bd607ae94c3f0f7"
        },
        {
          "type": "image",
          "assetId": "WxXN3uP0D01gjI",
          "checksum": "6fc6de5a9b0fb5ce50633e0df53a9297"
        },
        {
          "type": "image",
          "assetId": "21aMpkPYNCRlty",
          "checksum": "ff0b1311f6cb85ec905c52245617c2a4"
        },
        {
          "type": "image",
          "assetId": "HmtG-0DXtw-6xa",
          "checksum": "c38802952bc8ad0b8b9f8722eebd478f"
        },
        {
          "type": "image",
          "assetId": "KBT5oaDh6z9gO7",
          "checksum": "a083decb82fe9d43b1726ced2e644734"
        },
        {
          "type": "image",
          "assetId": "mAY-_ddBwrOTiw",
          "checksum": "a7a97a36e6613be2bef01de3a29548d5"
        },
        {
          "type": "image",
          "assetId": "pFH9ZICIek620H",
          "checksum": "892d7384b6c48f09e79fac6e35d37017"
        },
        {
          "type": "image",
          "assetId": "wkbJVyYeAVmXvD",
          "checksum": "e781d4bd898d6f5282c6f50a76c1a17f"
        },
        {
          "type": "image",
          "assetId": "YnRAY0ZKgsbMCt",
          "checksum": "ebf89b85be1549228d09755f7e3ff83b"
        },
        {
          "type": "image",
          "assetId": "Y0yGo3hEh0rm1M",
          "checksum": "667a0e512e0c923e2036f1c5f6e63445"
        },
        {
          "type": "image",
          "assetId": "ov8kJEqclOxCF9",
          "checksum": "0edc6705c1d17e8c876e7d91c548aae9"
        },
        {
          "type": "image",
          "assetId": "7vet28RbToIxuZ",
          "checksum": "bc4f8eb54877a515e0ea2bf7565e97c8"
        },
        {
          "type": "image",
          "assetId": "kKewszgFeMmODm",
          "checksum": "2847a45774d81738cb025a75551ded3c"
        },
        {
          "type": "image",
          "assetId": "ZWShyLVhcAtm3M",
          "checksum": "560b3d8aacabfc9f3e640ec05f8f04ee"
        },
        {
          "type": "image",
          "assetId": "bCm6SiFljriaFK",
          "checksum": "0af1f15701a5565d3dd62f5c72e0ded6"
        },
        {
          "type": "image",
          "assetId": "EUQRhwNivUfCkN",
          "checksum": "d58959f4ae9da7ea7e88c1feae76bbbc"
        },
        {
          "type": "image",
          "assetId": "B8e4hWpRzGYylc",
          "checksum": "08a3fc07b181c1e0e4ecf10199201830"
        },
        {
          "type": "image",
          "assetId": "Qla8ZoSdgYksaS",
          "checksum": "94ab4d77b62696a799a969f2c9a94bcc"
        },
        {
          "type": "image",
          "assetId": "8lMANIGnTduRvr",
          "checksum": "ab23843ea184ab7c779f0d2245701ed9"
        },
        {
          "type": "image",
          "assetId": "WA_D4fn5tK3G-W",
          "checksum": "d50ec2a01d67bcb5f6e7cd757359505c"
        },
        {
          "type": "image",
          "assetId": "716Wv-VX34Tv_J",
          "checksum": "697e18c114e8152085a1c2e86db6661a"
        },
        {
          "type": "image",
          "assetId": "IDCvgpdpLZGZQI",
          "checksum": "84fa28652d653fc9206dbeab6572ffed"
        },
        {
          "type": "image",
          "assetId": "vD2uUH4biGKc_q",
          "checksum": "3e8b921ff2961a02166f0a2e5b9db18b"
        },
        {
          "type": "image",
          "assetId": "MxKGBcFxxpE2YJ",
          "checksum": "7aacffcd2a1903d29e1d8791f4761967"
        },
        {
          "type": "image",
          "assetId": "CmvFWEDw1B5LfL",
          "checksum": "b9d542e130a1338c45fe3724bc050e3c"
        },
        {
          "type": "image",
          "assetId": "q2Ol-Qg4f379zC",
          "checksum": "4450bafa49ba036552e2c39ebfea7dd2"
        }
      ],
      "codegenVersion": "0.0.1"
    }
  ],
  "cliVersion": "0.1.187"
}
